
Microsoft Visual Studio Solution File, Format Version 12.00
# Visual Studio Version 17
VisualStudioVersion = 17.9.34728.123
MinimumVisualStudioVersion = 10.0.40219.1
Project("{FAE04EC0-301F-11D3-BF4B-00C04F79EFBC}") = "Hello", "Hello\Hello.csproj", "{DCD4D676-A71F-4F42-9852-AA7386AAD4C2}"
EndProject
Project("{FAE04EC0-301F-11D3-BF4B-00C04F79EFBC}") = "AcadNetAddinCS1", "AcadNetAddinCS1\AcadNetAddinCS1.csproj", "{C7000DD9-F02B-4B92-9DB7-48F3E40D6FAE}"
EndProject
Project("{FAE04EC0-301F-11D3-BF4B-00C04F79EFBC}") = "InitAndOpt", "InitAndOpt\InitAndOpt.csproj", "{312BBCAC-6BDB-401C-B8ED-5ABEA5CFEBA0}"
EndProject
Global
	GlobalSection(SolutionConfigurationPlatforms) = preSolution
		Debug|Any CPU = Debug|Any CPU
		Debug|Mixed Platforms = Debug|Mixed Platforms
		Debug|x64 = Debug|x64
		Debug|x86 = Debug|x86
		Release|Any CPU = Release|Any CPU
		Release|Mixed Platforms = Release|Mixed Platforms
		Release|x64 = Release|x64
		Release|x86 = Release|x86
	EndGlobalSection
	GlobalSection(ProjectConfigurationPlatforms) = postSolution
		{DCD4D676-A71F-4F42-9852-AA7386AAD4C2}.Debug|Any CPU.ActiveCfg = Debug|Any CPU
		{DCD4D676-A71F-4F42-9852-AA7386AAD4C2}.Debug|Any CPU.Build.0 = Debug|Any CPU
		{DCD4D676-A71F-4F42-9852-AA7386AAD4C2}.Debug|Mixed Platforms.ActiveCfg = Debug|Any CPU
		{DCD4D676-A71F-4F42-9852-AA7386AAD4C2}.Debug|Mixed Platforms.Build.0 = Debug|Any CPU
		{DCD4D676-A71F-4F42-9852-AA7386AAD4C2}.Debug|x64.ActiveCfg = Debug|x64
		{DCD4D676-A71F-4F42-9852-AA7386AAD4C2}.Debug|x64.Build.0 = Debug|x64
		{DCD4D676-A71F-4F42-9852-AA7386AAD4C2}.Debug|x86.ActiveCfg = Debug|Any CPU
		{DCD4D676-A71F-4F42-9852-AA7386AAD4C2}.Release|Any CPU.ActiveCfg = Release|Any CPU
		{DCD4D676-A71F-4F42-9852-AA7386AAD4C2}.Release|Any CPU.Build.0 = Release|Any CPU
		{DCD4D676-A71F-4F42-9852-AA7386AAD4C2}.Release|Mixed Platforms.ActiveCfg = Release|Any CPU
		{DCD4D676-A71F-4F42-9852-AA7386AAD4C2}.Release|Mixed Platforms.Build.0 = Release|Any CPU
		{DCD4D676-A71F-4F42-9852-AA7386AAD4C2}.Release|x64.ActiveCfg = Release|x64
		{DCD4D676-A71F-4F42-9852-AA7386AAD4C2}.Release|x64.Build.0 = Release|x64
		{DCD4D676-A71F-4F42-9852-AA7386AAD4C2}.Release|x86.ActiveCfg = Release|Any CPU
		{C7000DD9-F02B-4B92-9DB7-48F3E40D6FAE}.Debug|Any CPU.ActiveCfg = Debug|Any CPU
		{C7000DD9-F02B-4B92-9DB7-48F3E40D6FAE}.Debug|Any CPU.Build.0 = Debug|Any CPU
		{C7000DD9-F02B-4B92-9DB7-48F3E40D6FAE}.Debug|Mixed Platforms.ActiveCfg = Debug|Any CPU
		{C7000DD9-F02B-4B92-9DB7-48F3E40D6FAE}.Debug|Mixed Platforms.Build.0 = Debug|Any CPU
		{C7000DD9-F02B-4B92-9DB7-48F3E40D6FAE}.Debug|x64.ActiveCfg = Debug|x64
		{C7000DD9-F02B-4B92-9DB7-48F3E40D6FAE}.Debug|x64.Build.0 = Debug|x64
		{C7000DD9-F02B-4B92-9DB7-48F3E40D6FAE}.Debug|x86.ActiveCfg = Debug|Any CPU
		{C7000DD9-F02B-4B92-9DB7-48F3E40D6FAE}.Release|Any CPU.ActiveCfg = Release|Any CPU
		{C7000DD9-F02B-4B92-9DB7-48F3E40D6FAE}.Release|Any CPU.Build.0 = Release|Any CPU
		{C7000DD9-F02B-4B92-9DB7-48F3E40D6FAE}.Release|Mixed Platforms.ActiveCfg = Release|Any CPU
		{C7000DD9-F02B-4B92-9DB7-48F3E40D6FAE}.Release|Mixed Platforms.Build.0 = Release|Any CPU
		{C7000DD9-F02B-4B92-9DB7-48F3E40D6FAE}.Release|x64.ActiveCfg = Release|x64
		{C7000DD9-F02B-4B92-9DB7-48F3E40D6FAE}.Release|x64.Build.0 = Release|x64
		{C7000DD9-F02B-4B92-9DB7-48F3E40D6FAE}.Release|x86.ActiveCfg = Release|Any CPU
		{312BBCAC-6BDB-401C-B8ED-5ABEA5CFEBA0}.Debug|Any CPU.ActiveCfg = Debug|Any CPU
		{312BBCAC-6BDB-401C-B8ED-5ABEA5CFEBA0}.Debug|Any CPU.Build.0 = Debug|Any CPU
		{312BBCAC-6BDB-401C-B8ED-5ABEA5CFEBA0}.Debug|Mixed Platforms.ActiveCfg = Debug|Any CPU
		{312BBCAC-6BDB-401C-B8ED-5ABEA5CFEBA0}.Debug|Mixed Platforms.Build.0 = Debug|Any CPU
		{312BBCAC-6BDB-401C-B8ED-5ABEA5CFEBA0}.Debug|x64.ActiveCfg = Debug|x64
		{312BBCAC-6BDB-401C-B8ED-5ABEA5CFEBA0}.Debug|x64.Build.0 = Debug|x64
		{312BBCAC-6BDB-401C-B8ED-5ABEA5CFEBA0}.Debug|x86.ActiveCfg = Debug|Any CPU
		{312BBCAC-6BDB-401C-B8ED-5ABEA5CFEBA0}.Release|Any CPU.ActiveCfg = Release|Any CPU
		{312BBCAC-6BDB-401C-B8ED-5ABEA5CFEBA0}.Release|Any CPU.Build.0 = Release|Any CPU
		{312BBCAC-6BDB-401C-B8ED-5ABEA5CFEBA0}.Release|Mixed Platforms.ActiveCfg = Release|Any CPU
		{312BBCAC-6BDB-401C-B8ED-5ABEA5CFEBA0}.Release|Mixed Platforms.Build.0 = Release|Any CPU
		{312BBCAC-6BDB-401C-B8ED-5ABEA5CFEBA0}.Release|x64.ActiveCfg = Release|x64
		{312BBCAC-6BDB-401C-B8ED-5ABEA5CFEBA0}.Release|x64.Build.0 = Release|x64
		{312BBCAC-6BDB-401C-B8ED-5ABEA5CFEBA0}.Release|x86.ActiveCfg = Release|Any CPU
	EndGlobalSection
	GlobalSection(SolutionProperties) = preSolution
		HideSolutionNode = FALSE
	EndGlobalSection
	GlobalSection(ExtensibilityGlobals) = postSolution
		SolutionGuid = {D66C0B10-FA6D-43EA-9219-9875B17496D6}
	EndGlobalSection
EndGlobal
