
Microsoft Visual Studio Solution File, Format Version 12.00
# Visual Studio Version 17
VisualStudioVersion = 17.9.34728.123
MinimumVisualStudioVersion = 10.0.40219.1
Project("{9A19103F-16F7-4668-BE54-9A1E7A4F7556}") = "Interactive", "Interactive\Interactive.csproj", "{90818AFF-FABB-4DEF-8D99-F75A9EA7CA3B}"
EndProject
Project("{FAE04EC0-301F-11D3-BF4B-00C04F79EFBC}") = "NetSelection", "NetSelection\NetSelection.csproj", "{A588E682-0DA3-49D2-9BDD-0952BEDBD450}"
EndProject
Project("{FAE04EC0-301F-11D3-BF4B-00C04F79EFBC}") = "CustomSnap", "CustomSnap\CustomSnap.csproj", "{ACD29784-3125-48B3-91C1-894E7A001BC1}"
EndProject
Project("{FAE04EC0-301F-11D3-BF4B-00C04F79EFBC}") = "Commands", "Commands\Commands.csproj", "{233F7E4C-CA4D-48EE-AEB2-11CEA51C6BD3}"
EndProject
Global
	GlobalSection(SolutionConfigurationPlatforms) = preSolution
		Debug|Any CPU = Debug|Any CPU
		Debug|x64 = Debug|x64
		Release|Any CPU = Release|Any CPU
		Release|x64 = Release|x64
	EndGlobalSection
	GlobalSection(ProjectConfigurationPlatforms) = postSolution
		{90818AFF-FABB-4DEF-8D99-F75A9EA7CA3B}.Debug|Any CPU.ActiveCfg = Debug|Any CPU
		{90818AFF-FABB-4DEF-8D99-F75A9EA7CA3B}.Debug|Any CPU.Build.0 = Debug|Any CPU
		{90818AFF-FABB-4DEF-8D99-F75A9EA7CA3B}.Debug|x64.ActiveCfg = Debug|x64
		{90818AFF-FABB-4DEF-8D99-F75A9EA7CA3B}.Debug|x64.Build.0 = Debug|x64
		{90818AFF-FABB-4DEF-8D99-F75A9EA7CA3B}.Release|Any CPU.ActiveCfg = Release|Any CPU
		{90818AFF-FABB-4DEF-8D99-F75A9EA7CA3B}.Release|Any CPU.Build.0 = Release|Any CPU
		{90818AFF-FABB-4DEF-8D99-F75A9EA7CA3B}.Release|x64.ActiveCfg = Release|x64
		{90818AFF-FABB-4DEF-8D99-F75A9EA7CA3B}.Release|x64.Build.0 = Release|x64
		{A588E682-0DA3-49D2-9BDD-0952BEDBD450}.Debug|Any CPU.ActiveCfg = Debug|Any CPU
		{A588E682-0DA3-49D2-9BDD-0952BEDBD450}.Debug|Any CPU.Build.0 = Debug|Any CPU
		{A588E682-0DA3-49D2-9BDD-0952BEDBD450}.Debug|x64.ActiveCfg = Debug|x64
		{A588E682-0DA3-49D2-9BDD-0952BEDBD450}.Debug|x64.Build.0 = Debug|x64
		{A588E682-0DA3-49D2-9BDD-0952BEDBD450}.Release|Any CPU.ActiveCfg = Release|Any CPU
		{A588E682-0DA3-49D2-9BDD-0952BEDBD450}.Release|Any CPU.Build.0 = Release|Any CPU
		{A588E682-0DA3-49D2-9BDD-0952BEDBD450}.Release|x64.ActiveCfg = Release|Any CPU
		{A588E682-0DA3-49D2-9BDD-0952BEDBD450}.Release|x64.Build.0 = Release|Any CPU
		{ACD29784-3125-48B3-91C1-894E7A001BC1}.Debug|Any CPU.ActiveCfg = Debug|Any CPU
		{ACD29784-3125-48B3-91C1-894E7A001BC1}.Debug|Any CPU.Build.0 = Debug|Any CPU
		{ACD29784-3125-48B3-91C1-894E7A001BC1}.Debug|x64.ActiveCfg = Debug|x64
		{ACD29784-3125-48B3-91C1-894E7A001BC1}.Debug|x64.Build.0 = Debug|x64
		{ACD29784-3125-48B3-91C1-894E7A001BC1}.Release|Any CPU.ActiveCfg = Release|Any CPU
		{ACD29784-3125-48B3-91C1-894E7A001BC1}.Release|Any CPU.Build.0 = Release|Any CPU
		{ACD29784-3125-48B3-91C1-894E7A001BC1}.Release|x64.ActiveCfg = Release|Any CPU
		{ACD29784-3125-48B3-91C1-894E7A001BC1}.Release|x64.Build.0 = Release|Any CPU
		{233F7E4C-CA4D-48EE-AEB2-11CEA51C6BD3}.Debug|Any CPU.ActiveCfg = Debug|Any CPU
		{233F7E4C-CA4D-48EE-AEB2-11CEA51C6BD3}.Debug|Any CPU.Build.0 = Debug|Any CPU
		{233F7E4C-CA4D-48EE-AEB2-11CEA51C6BD3}.Debug|x64.ActiveCfg = Debug|x64
		{233F7E4C-CA4D-48EE-AEB2-11CEA51C6BD3}.Debug|x64.Build.0 = Debug|x64
		{233F7E4C-CA4D-48EE-AEB2-11CEA51C6BD3}.Release|Any CPU.ActiveCfg = Release|Any CPU
		{233F7E4C-CA4D-48EE-AEB2-11CEA51C6BD3}.Release|Any CPU.Build.0 = Release|Any CPU
		{233F7E4C-CA4D-48EE-AEB2-11CEA51C6BD3}.Release|x64.ActiveCfg = Release|Any CPU
		{233F7E4C-CA4D-48EE-AEB2-11CEA51C6BD3}.Release|x64.Build.0 = Release|Any CPU
	EndGlobalSection
	GlobalSection(SolutionProperties) = preSolution
		HideSolutionNode = FALSE
	EndGlobalSection
	GlobalSection(ExtensibilityGlobals) = postSolution
		SolutionGuid = {DBBEEBA7-304E-4AFB-B4CB-57D97FD77BAE}
	EndGlobalSection
EndGlobal
